
Microsoft Visual Studio Solution File, Format Version 12.00
# Visual Studio 15
VisualStudioVersion = 15.0.26206.0
MinimumVisualStudioVersion = 10.0.40219.1
Project("{2150E333-8FDC-42A3-9474-1A3956D46DE8}") = "src", "src", "{7B4012CD-ECA3-40C8-88DE-70311C94C72E}"
EndProject
Project("{2150E333-8FDC-42A3-9474-1A3956D46DE8}") = "test", "test", "{959281DA-0B6A-416E-80D0-0949889CEA00}"
EndProject
Project("{9A19103F-16F7-4668-BE54-9A1E7A4F7556}") = "Zyborg.Collections.RadixTree", "src\Zyborg.RadixTree\Zyborg.Collections.RadixTree.csproj", "{45123244-1304-4B97-984C-BA8D9766984A}"
EndProject
Project("{9A19103F-16F7-4668-BE54-9A1E7A4F7556}") = "Zyborg.Collections.RadixTree-tests", "test\Zyborg.RadixTree-tests\Zyborg.Collections.RadixTree-tests.csproj", "{B78C78AA-0D5F-405F-A8D1-7C31B8CA2C1C}"
EndProject
Global
	GlobalSection(SolutionConfigurationPlatforms) = preSolution
		Debug|Any CPU = Debug|Any CPU
		Debug|x64 = Debug|x64
		Debug|x86 = Debug|x86
		Release|Any CPU = Release|Any CPU
		Release|x64 = Release|x64
		Release|x86 = Release|x86
	EndGlobalSection
	GlobalSection(ProjectConfigurationPlatforms) = postSolution
		{45123244-1304-4B97-984C-BA8D9766984A}.Debug|Any CPU.ActiveCfg = Debug|Any CPU
		{45123244-1304-4B97-984C-BA8D9766984A}.Debug|Any CPU.Build.0 = Debug|Any CPU
		{45123244-1304-4B97-984C-BA8D9766984A}.Debug|x64.ActiveCfg = Debug|x64
		{45123244-1304-4B97-984C-BA8D9766984A}.Debug|x64.Build.0 = Debug|x64
		{45123244-1304-4B97-984C-BA8D9766984A}.Debug|x86.ActiveCfg = Debug|x86
		{45123244-1304-4B97-984C-BA8D9766984A}.Debug|x86.Build.0 = Debug|x86
		{45123244-1304-4B97-984C-BA8D9766984A}.Release|Any CPU.ActiveCfg = Release|Any CPU
		{45123244-1304-4B97-984C-BA8D9766984A}.Release|Any CPU.Build.0 = Release|Any CPU
		{45123244-1304-4B97-984C-BA8D9766984A}.Release|x64.ActiveCfg = Release|x64
		{45123244-1304-4B97-984C-BA8D9766984A}.Release|x64.Build.0 = Release|x64
		{45123244-1304-4B97-984C-BA8D9766984A}.Release|x86.ActiveCfg = Release|x86
		{45123244-1304-4B97-984C-BA8D9766984A}.Release|x86.Build.0 = Release|x86
		{B78C78AA-0D5F-405F-A8D1-7C31B8CA2C1C}.Debug|Any CPU.ActiveCfg = Debug|Any CPU
		{B78C78AA-0D5F-405F-A8D1-7C31B8CA2C1C}.Debug|Any CPU.Build.0 = Debug|Any CPU
		{B78C78AA-0D5F-405F-A8D1-7C31B8CA2C1C}.Debug|x64.ActiveCfg = Debug|x64
		{B78C78AA-0D5F-405F-A8D1-7C31B8CA2C1C}.Debug|x64.Build.0 = Debug|x64
		{B78C78AA-0D5F-405F-A8D1-7C31B8CA2C1C}.Debug|x86.ActiveCfg = Debug|x86
		{B78C78AA-0D5F-405F-A8D1-7C31B8CA2C1C}.Debug|x86.Build.0 = Debug|x86
		{B78C78AA-0D5F-405F-A8D1-7C31B8CA2C1C}.Release|Any CPU.ActiveCfg = Release|Any CPU
		{B78C78AA-0D5F-405F-A8D1-7C31B8CA2C1C}.Release|Any CPU.Build.0 = Release|Any CPU
		{B78C78AA-0D5F-405F-A8D1-7C31B8CA2C1C}.Release|x64.ActiveCfg = Release|x64
		{B78C78AA-0D5F-405F-A8D1-7C31B8CA2C1C}.Release|x64.Build.0 = Release|x64
		{B78C78AA-0D5F-405F-A8D1-7C31B8CA2C1C}.Release|x86.ActiveCfg = Release|x86
		{B78C78AA-0D5F-405F-A8D1-7C31B8CA2C1C}.Release|x86.Build.0 = Release|x86
	EndGlobalSection
	GlobalSection(SolutionProperties) = preSolution
		HideSolutionNode = FALSE
	EndGlobalSection
	GlobalSection(NestedProjects) = preSolution
		{45123244-1304-4B97-984C-BA8D9766984A} = {7B4012CD-ECA3-40C8-88DE-70311C94C72E}
		{B78C78AA-0D5F-405F-A8D1-7C31B8CA2C1C} = {959281DA-0B6A-416E-80D0-0949889CEA00}
	EndGlobalSection
EndGlobal
